
Microsoft Visual Studio Solution File, Format Version 12.00
# Visual Studio Version 17
VisualStudioVersion = 17.4.33110.190
MinimumVisualStudioVersion = 10.0.40219.1
Project("{FAE04EC0-301F-11D3-BF4B-00C04F79EFBC}") = "SignalRExample", "SignalRExample.csproj", "{D4F7A909-0AA0-4565-864E-C6A848326886}"
EndProject
Global
	GlobalSection(SolutionConfigurationPlatforms) = preSolution
		Debug|Any CPU = Debug|Any CPU
		Release|Any CPU = Release|Any CPU
	EndGlobalSection
	GlobalSection(ProjectConfigurationPlatforms) = postSolution
		{D4F7A909-0AA0-4565-864E-C6A848326886}.Debug|Any CPU.ActiveCfg = Debug|Any CPU
		{D4F7A909-0AA0-4565-864E-C6A848326886}.Debug|Any CPU.Build.0 = Debug|Any CPU
		{D4F7A909-0AA0-4565-864E-C6A848326886}.Release|Any CPU.ActiveCfg = Release|Any CPU
		{D4F7A909-0AA0-4565-864E-C6A848326886}.Release|Any CPU.Build.0 = Release|Any CPU
	EndGlobalSection
	GlobalSection(SolutionProperties) = preSolution
		HideSolutionNode = FALSE
	EndGlobalSection
	GlobalSection(ExtensibilityGlobals) = postSolution
		SolutionGuid = {8BD9C342-2977-4D19-92D4-D506D70E0D43}
	EndGlobalSection
EndGlobal
